{
  "name": "tatwo-ultrawork-beta",
  "version": "0.1.0-beta.2",
  "lockfileVersion": 3,
  "requires": true,
  "packages": {
    "": {
      "name": "tatwo-ultrawork-beta",
      "version": "0.1.0-beta.2",
      "license": "Apache-2.0",
      "bin": {
        "tatwo-ultrawork-beta": "bin/tatwo-ultrawork-beta.mjs",
        "tatwo-ultrawork-beta-mcp": "bin/tatwo-ultrawork-beta-mcp.mjs"
      },
      "engines": {
        "node": ">=20"
      }
    }
  }
}
